speakeasyVersion: 1.551.0
sources:
    Prowlarr:
        sourceNamespace: prowlarr
        sourceRevisionDigest: sha256:743d403888496179af82928439578f5409e151b87f00461b99ac66ea68d0ef11
        sourceBlobDigest: sha256:aabc67353440edc8bb6dc6730997ba4f966c33d09cd7b7484469094ba2542305
        tags:
            - latest
            - speakeasy-sdk-regen-1747669317
            - 1.0.0
targets:
    prowlarr:
        source: Prowlarr
        sourceNamespace: prowlarr
        sourceRevisionDigest: sha256:743d403888496179af82928439578f5409e151b87f00461b99ac66ea68d0ef11
        sourceBlobDigest: sha256:aabc67353440edc8bb6dc6730997ba4f966c33d09cd7b7484469094ba2542305
        codeSamplesNamespace: prowlarr-typescript-code-samples
        codeSamplesRevisionDigest: sha256:34651feb6dceb5c359f1cb988e34589e1dbf72b3c5d0da7f372da0e334d98143
workflow:
    workflowVersion: 1.0.0
    speakeasyVersion: latest
    sources:
        Prowlarr:
            inputs:
                - location: https://raw.githubusercontent.com/Prowlarr/Prowlarr/develop/src/Prowlarr.Api.V1/openapi.json
            overlays:
                - location: .speakeasy/speakeasy-modifications-overlay.yaml
            registry:
                location: registry.speakeasyapi.dev/lukehagar/lukehagar/prowlarr
    targets:
        prowlarr:
            target: typescript
            source: Prowlarr
            publish:
                npm:
                    token: $npm_token
            codeSamples:
                registry:
                    location: registry.speakeasyapi.dev/lukehagar/lukehagar/prowlarr-typescript-code-samples
                labelOverride:
                    fixedValue: Typescript (SDK)
                blocking: false
